# THIS IS AN AUTOGENERATED FILE. DO NOT EDIT THIS FILE DIRECTLY.
# yarn lockfile v1


"@types/webpack-env@^1.18.0":
  version "1.18.0"
  resolved "https://registry.yarnpkg.com/@types/webpack-env/-/webpack-env-1.18.0.tgz#ed6ecaa8e5ed5dfe8b2b3d00181702c9925f13fb"
  integrity sha512-56/MAlX5WMsPVbOg7tAxnYvNYMMWr/QJiIp6BxVSW3JJXUVzzOn64qW8TzQyMSqSUFM2+PVI4aUHcHOzIz/1tg==
